
Microsoft Visual Studio Solution File, Format Version 12.00
# Visual Studio Version 17
VisualStudioVersion = 17.9.34607.119
MinimumVisualStudioVersion = 10.0.40219.1
Project("{FAE04EC0-301F-11D3-BF4B-00C04F79EFBC}") = "MauiApp1", "MauiApp1\MauiApp1.csproj", "{A99B7B3B-A028-4236-9EA0-57CC84B669DA}"
EndProject
Global
	GlobalSection(SolutionConfigurationPlatforms) = preSolution
		Debug|Any CPU = Debug|Any CPU
		Release|Any CPU = Release|Any CPU
	EndGlobalSection
	GlobalSection(ProjectConfigurationPlatforms) = postSolution
		{A99B7B3B-A028-4236-9EA0-57CC84B669DA}.Debug|Any CPU.ActiveCfg = Debug|Any CPU
		{A99B7B3B-A028-4236-9EA0-57CC84B669DA}.Debug|Any CPU.Build.0 = Debug|Any CPU
		{A99B7B3B-A028-4236-9EA0-57CC84B669DA}.Debug|Any CPU.Deploy.0 = Debug|Any CPU
		{A99B7B3B-A028-4236-9EA0-57CC84B669DA}.Release|Any CPU.ActiveCfg = Release|Any CPU
		{A99B7B3B-A028-4236-9EA0-57CC84B669DA}.Release|Any CPU.Build.0 = Release|Any CPU
		{A99B7B3B-A028-4236-9EA0-57CC84B669DA}.Release|Any CPU.Deploy.0 = Release|Any CPU
	EndGlobalSection
	GlobalSection(SolutionProperties) = preSolution
		HideSolutionNode = FALSE
	EndGlobalSection
	GlobalSection(ExtensibilityGlobals) = postSolution
		SolutionGuid = {1B9142F5-E7DC-4598-B16E-30716BF4E86B}
	EndGlobalSection
EndGlobal
